
Microsoft Visual Studio Solution File, Format Version 12.00
# Visual Studio Version 17
VisualStudioVersion = 17.11.35222.181
MinimumVisualStudioVersion = 10.0.40219.1
Project("{FAE04EC0-301F-11D3-BF4B-00C04F79EFBC}") = "ToDoApp", "ToDoApp\ToDoApp.csproj", "{ACFEF868-7B0D-48BB-ACBC-4CDF291ABC74}"
EndProject
Global
	GlobalSection(SolutionConfigurationPlatforms) = preSolution
		Debug|Any CPU = Debug|Any CPU
		Release|Any CPU = Release|Any CPU
	EndGlobalSection
	GlobalSection(ProjectConfigurationPlatforms) = postSolution
		{ACFEF868-7B0D-48BB-ACBC-4CDF291ABC74}.Debug|Any CPU.ActiveCfg = Debug|Any CPU
		{ACFEF868-7B0D-48BB-ACBC-4CDF291ABC74}.Debug|Any CPU.Build.0 = Debug|Any CPU
		{ACFEF868-7B0D-48BB-ACBC-4CDF291ABC74}.Release|Any CPU.ActiveCfg = Release|Any CPU
		{ACFEF868-7B0D-48BB-ACBC-4CDF291ABC74}.Release|Any CPU.Build.0 = Release|Any CPU
	EndGlobalSection
	GlobalSection(SolutionProperties) = preSolution
		HideSolutionNode = FALSE
	EndGlobalSection
	GlobalSection(ExtensibilityGlobals) = postSolution
		SolutionGuid = {03BD8C1C-2EBF-416A-BBFE-7E63EDA19747}
	EndGlobalSection
EndGlobal
